
Microsoft Visual Studio Solution File, Format Version 12.00
# Visual Studio 14
VisualStudioVersion = 14.0.24720.0
MinimumVisualStudioVersion = 10.0.40219.1
Project("{FAE04EC0-301F-11D3-BF4B-00C04F79EFBC}") = "Messenger.DataLayer", "Messenger.DataLayer\Messenger.DataLayer.csproj", "{5367DF91-3A75-423B-8BA3-46390E0F5814}"
EndProject
Project("{FAE04EC0-301F-11D3-BF4B-00C04F79EFBC}") = "Messenger.DataLayer.Sql", "Messenger.DataLayer.Sql\Messenger.DataLayer.Sql.csproj", "{7B5DCBFF-AB6C-4357-B95D-7C2C318C0287}"
EndProject
Project("{FAE04EC0-301F-11D3-BF4B-00C04F79EFBC}") = "Messenger.Model", "Messenger.Model\Messenger.Model.csproj", "{DEC56B96-BF0B-473E-ABC4-58573689BD17}"
EndProject
Project("{FAE04EC0-301F-11D3-BF4B-00C04F79EFBC}") = "Messenger.DataLayer.Sql.Tests", "Messenger.DataLayer.Sql.Tests\Messenger.DataLayer.Sql.Tests.csproj", "{4F869325-1786-4EE4-948D-5E84BEDAA3A1}"
EndProject
Project("{FAE04EC0-301F-11D3-BF4B-00C04F79EFBC}") = "Messenger.Api", "Messenger.Api\Messenger.Api.csproj", "{41430DBA-30DA-4F75-BB0B-0642825C5DC3}"
EndProject
Project("{FAE04EC0-301F-11D3-BF4B-00C04F79EFBC}") = "TestLog", "TestLog\TestLog.csproj", "{8E2265CC-FABA-416C-A200-8724CFF778C8}"
EndProject
Project("{FAE04EC0-301F-11D3-BF4B-00C04F79EFBC}") = "Messenger.Client", "Messenger.Client\Messenger.Client.csproj", "{D38C39B4-2A2C-494C-83D0-661734879DEF}"
EndProject
Global
	GlobalSection(SolutionConfigurationPlatforms) = preSolution
		Debug|Any CPU = Debug|Any CPU
		Release|Any CPU = Release|Any CPU
	EndGlobalSection
	GlobalSection(ProjectConfigurationPlatforms) = postSolution
		{5367DF91-3A75-423B-8BA3-46390E0F5814}.Debug|Any CPU.ActiveCfg = Debug|Any CPU
		{5367DF91-3A75-423B-8BA3-46390E0F5814}.Debug|Any CPU.Build.0 = Debug|Any CPU
		{5367DF91-3A75-423B-8BA3-46390E0F5814}.Release|Any CPU.ActiveCfg = Release|Any CPU
		{5367DF91-3A75-423B-8BA3-46390E0F5814}.Release|Any CPU.Build.0 = Release|Any CPU
		{7B5DCBFF-AB6C-4357-B95D-7C2C318C0287}.Debug|Any CPU.ActiveCfg = Debug|Any CPU
		{7B5DCBFF-AB6C-4357-B95D-7C2C318C0287}.Debug|Any CPU.Build.0 = Debug|Any CPU
		{7B5DCBFF-AB6C-4357-B95D-7C2C318C0287}.Release|Any CPU.ActiveCfg = Release|Any CPU
		{7B5DCBFF-AB6C-4357-B95D-7C2C318C0287}.Release|Any CPU.Build.0 = Release|Any CPU
		{DEC56B96-BF0B-473E-ABC4-58573689BD17}.Debug|Any CPU.ActiveCfg = Debug|Any CPU
		{DEC56B96-BF0B-473E-ABC4-58573689BD17}.Debug|Any CPU.Build.0 = Debug|Any CPU
		{DEC56B96-BF0B-473E-ABC4-58573689BD17}.Release|Any CPU.ActiveCfg = Release|Any CPU
		{DEC56B96-BF0B-473E-ABC4-58573689BD17}.Release|Any CPU.Build.0 = Release|Any CPU
		{4F869325-1786-4EE4-948D-5E84BEDAA3A1}.Debug|Any CPU.ActiveCfg = Debug|Any CPU
		{4F869325-1786-4EE4-948D-5E84BEDAA3A1}.Debug|Any CPU.Build.0 = Debug|Any CPU
		{4F869325-1786-4EE4-948D-5E84BEDAA3A1}.Release|Any CPU.ActiveCfg = Release|Any CPU
		{4F869325-1786-4EE4-948D-5E84BEDAA3A1}.Release|Any CPU.Build.0 = Release|Any CPU
		{41430DBA-30DA-4F75-BB0B-0642825C5DC3}.Debug|Any CPU.ActiveCfg = Debug|Any CPU
		{41430DBA-30DA-4F75-BB0B-0642825C5DC3}.Debug|Any CPU.Build.0 = Debug|Any CPU
		{41430DBA-30DA-4F75-BB0B-0642825C5DC3}.Release|Any CPU.ActiveCfg = Release|Any CPU
		{41430DBA-30DA-4F75-BB0B-0642825C5DC3}.Release|Any CPU.Build.0 = Release|Any CPU
		{8E2265CC-FABA-416C-A200-8724CFF778C8}.Debug|Any CPU.ActiveCfg = Debug|Any CPU
		{8E2265CC-FABA-416C-A200-8724CFF778C8}.Debug|Any CPU.Build.0 = Debug|Any CPU
		{8E2265CC-FABA-416C-A200-8724CFF778C8}.Release|Any CPU.ActiveCfg = Release|Any CPU
		{8E2265CC-FABA-416C-A200-8724CFF778C8}.Release|Any CPU.Build.0 = Release|Any CPU
		{D38C39B4-2A2C-494C-83D0-661734879DEF}.Debug|Any CPU.ActiveCfg = Debug|Any CPU
		{D38C39B4-2A2C-494C-83D0-661734879DEF}.Debug|Any CPU.Build.0 = Debug|Any CPU
		{D38C39B4-2A2C-494C-83D0-661734879DEF}.Release|Any CPU.ActiveCfg = Release|Any CPU
		{D38C39B4-2A2C-494C-83D0-661734879DEF}.Release|Any CPU.Build.0 = Release|Any CPU
	EndGlobalSection
	GlobalSection(SolutionProperties) = preSolution
		HideSolutionNode = FALSE
	EndGlobalSection
EndGlobal
